// !$*UTF8*$!
{
	archiveVersion = 1;
	classes = {
	};
	objectVersion = 77;
	objects = {

/* Begin PBXBuildFile section */
		00C35D52A96D2C97C17FE19A /* CatalogUITests.swift in Sources */ = {isa = PBXBuildFile; fileRef = 68F2FE0BD30933E51C81F28C /* CatalogUITests.swift */; };
		03DF82600F9C6BD56745ECDB /* AllergenMaintenance.swift in Sources */ = {isa = PBXBuildFile; fileRef = 50BEB85E953117EC30176B13 /* AllergenMaintenance.swift */; };
		04E9723393224204E862860F /* UITestSupport.swift in Sources */ = {isa = PBXBuildFile; fileRef = 8EECDDA54F71DD47942214DD /* UITestSupport.swift */; };
		051E64497EB9DEA0DB56EF16 /* CustomPlanEditor.swift in Sources */ = {isa = PBXBuildFile; fileRef = 11BE039C641EEE3C9C5F00E2 /* CustomPlanEditor.swift */; };
		0833A2608C6209B358C74BA5 /* MainTabView.swift in Sources */ = {isa = PBXBuildFile; fileRef = 54502A32A1FC7C0FD91517B6 /* MainTabView.swift */; };
		08CC1370309D9E3C244052DC /* PhotoViewer.swift in Sources */ = {isa = PBXBuildFile; fileRef = EE5E2EBCB38DCDCD4D39455E /* PhotoViewer.swift */; };
		0A08FA37922C0D8AD99A83F1 /* DayDetailView.swift in Sources */ = {isa = PBXBuildFile; fileRef = C433EBD9F4667FE93AD5A17A /* DayDetailView.swift */; };
		0EEAF8134494BA8047896B41 /* LogPhoto.swift in Sources */ = {isa = PBXBuildFile; fileRef = 01B3662D20022C425547CE84 /* LogPhoto.swift */; };
		118327007916B30997ED1171 /* AddCustomFoodSheet.swift in Sources */ = {isa = PBXBuildFile; fileRef = 24B3F9D6390A41694B9F5043 /* AddCustomFoodSheet.swift */; };
		11D010D47663E97F43330F26 /* AllergenTests.swift in Sources */ = {isa = PBXBuildFile; fileRef = 57582D03E1DD713519F97F27 /* AllergenTests.swift */; };
		11E6F2BF5C713667205FBA23 /* AppShellTests.swift in Sources */ = {isa = PBXBuildFile; fileRef = E1CA74998939067F427B3264 /* AppShellTests.swift */; };
		14A679536E76A2808BB20159 /* CalendarView.swift in Sources */ = {isa = PBXBuildFile; fileRef = E31C5CCF52FEA73D220E561B /* CalendarView.swift */; };
		15BA06E44E2481714A9C5793 /* RecapServiceTests.swift in Sources */ = {isa = PBXBuildFile; fileRef = E92C547C212BEF6EC84EEABC /* RecapServiceTests.swift */; };
		164A13BA5D7639C071CE5F56 /* OnboardingView.swift in Sources */ = {isa = PBXBuildFile; fileRef = E49FCEF879CE812C974A9E25 /* OnboardingView.swift */; };
		1BA9CAE795DBD9F108D57343 /* IntroductionStatus.swift in Sources */ = {isa = PBXBuildFile; fileRef = E624F4C83934F23A508ECBF2 /* IntroductionStatus.swift */; };
		1EC5CAB94A202012B0675F88 /* SampleData.swift in Sources */ = {isa = PBXBuildFile; fileRef = 50BFA277A9F595AEA4F56908 /* SampleData.swift */; };
		202A1B350019D481E0B7C8DB /* NotificationManager.swift in Sources */ = {isa = PBXBuildFile; fileRef = 1E5CB23367B4B53F2901425F /* NotificationManager.swift */; };
		2441C6E86B2B91A59650E1A3 /* AllergensUITests.swift in Sources */ = {isa = PBXBuildFile; fileRef = 9552BEB8A9718015F8F199F9 /* AllergensUITests.swift */; };
		28AB41175B322E5EB8C48207 /* ScenarioTests.swift in Sources */ = {isa = PBXBuildFile; fileRef = 03E5073D03E3BDBAAE3D0B5F /* ScenarioTests.swift */; };
		2AE136259F2ED1160F362A34 /* RecapService.swift in Sources */ = {isa = PBXBuildFile; fileRef = 1A0577843717A8B0375436D4 /* RecapService.swift */; };
		2B01BE2AA03EBE41CBE41464 /* FoodCatalogTests.swift in Sources */ = {isa = PBXBuildFile; fileRef = 143416CA9FE4CE7F9ADE01D4 /* FoodCatalogTests.swift */; };
		2E024DAE7DAD0B07AC48EC57 /* FeedingProfile.swift in Sources */ = {isa = PBXBuildFile; fileRef = 6B8CD4AA983FA435521A60B9 /* FeedingProfile.swift */; };
		2ED93EC39C060D171CFCF957 /* CatalogView.swift in Sources */ = {isa = PBXBuildFile; fileRef = BBB58ABFA1CBA2E94BF84495 /* CatalogView.swift */; };
		305050F4BAFFB26A323BB125 /* DiaryPDFExportTests.swift in Sources */ = {isa = PBXBuildFile; fileRef = 0D6DB0C860BD7973F5D6918A /* DiaryPDFExportTests.swift */; };
		30E885DD88EDACA5C7036245 /* ProfileView.swift in Sources */ = {isa = PBXBuildFile; fileRef = 0384473595C9ED39DB0D9950 /* ProfileView.swift */; };
		31965A67F1B1E23860D86E60 /* LogFeedingSheet.swift in Sources */ = {isa = PBXBuildFile; fileRef = A7202CCEEDDA2C234B6042B4 /* LogFeedingSheet.swift */; };
		3BDBD294BE29B94513069E1A /* NotificationManagerTests.swift in Sources */ = {isa = PBXBuildFile; fileRef = F91728E60FD50897DDC17B6E /* NotificationManagerTests.swift */; };
		42298FBF08BBE3C905CCC32F /* Mascot.swift in Sources */ = {isa = PBXBuildFile; fileRef = C9D0FE42CDCCA96CA8A7C2D7 /* Mascot.swift */; };
		43A27EFA9C3E8807FD5C3114 /* Components.swift in Sources */ = {isa = PBXBuildFile; fileRef = 2516DDFC738C31AB56AA9408 /* Components.swift */; };
		45F0644FCA6BC9FB8004630E /* Theme.swift in Sources */ = {isa = PBXBuildFile; fileRef = 6EEE512BF23D205F3A40501F /* Theme.swift */; };
		47C6B433D8A250FD7B0EAB0E /* MascotTests.swift in Sources */ = {isa = PBXBuildFile; fileRef = D1E268D96C92E391B0F159AA /* MascotTests.swift */; };
		48893086D2C7A6E8FEC4545F /* UITestHelpers.swift in Sources */ = {isa = PBXBuildFile; fileRef = EA2790ACAA8297584357139D /* UITestHelpers.swift */; };
		5175661213B86BD0231DD81D /* DiaryPDFExport.swift in Sources */ = {isa = PBXBuildFile; fileRef = 270020787FFBB9A220680C29 /* DiaryPDFExport.swift */; };
		51E1607B81EE325063A2D1E4 /* foods.json in Resources */ = {isa = PBXBuildFile; fileRef = 4CF87C40EB3D72ED2F5C39B7 /* foods.json */; };
		5AD8E545CD90629549CCBBC3 /* ModelTests.swift in Sources */ = {isa = PBXBuildFile; fileRef = 752BF5E941CC9648AC650547 /* ModelTests.swift */; };
		5DE07809139DA126C3986B1E /* DashboardView.swift in Sources */ = {isa = PBXBuildFile; fileRef = 682EB2322E14EEDBF5EDC5F4 /* DashboardView.swift */; };
		659F6D037F6A73319D6E9230 /* Food.swift in Sources */ = {isa = PBXBuildFile; fileRef = BA18465713D438512E16B883 /* Food.swift */; };
		6C18BDDBF46077B699864AE2 /* FoodIcon.swift in Sources */ = {isa = PBXBuildFile; fileRef = 7861AD8F79C95B259F207535 /* FoodIcon.swift */; };
		6FEA128BF3A6E5EA8D8DECDA /* CalendarUITests.swift in Sources */ = {isa = PBXBuildFile; fileRef = A472EB7D1A15DBF98AC21D76 /* CalendarUITests.swift */; };
		72FFE23EA1A9703C2EB246E1 /* FoodDetailView.swift in Sources */ = {isa = PBXBuildFile; fileRef = 806C412A4935A271135884DD /* FoodDetailView.swift */; };
		7B547C41F321F1E6F4A91091 /* FoodStateMachineUITests.swift in Sources */ = {isa = PBXBuildFile; fileRef = 0691F69720956DB22E693478 /* FoodStateMachineUITests.swift */; };
		8194C7D9AD848D6C166D5525 /* ProfileUITests.swift in Sources */ = {isa = PBXBuildFile; fileRef = EEBD033DE74ECFCE6B53A451 /* ProfileUITests.swift */; };
		83BD6DB88AC9305A3661C279 /* FoodCatalog.swift in Sources */ = {isa = PBXBuildFile; fileRef = E8D70CAFFA84437231ADC9D6 /* FoodCatalog.swift */; };
		87EDD71DFFFC564A658E2E1E /* OnboardingUITests.swift in Sources */ = {isa = PBXBuildFile; fileRef = A7E9B74217E24AA130517A1B /* OnboardingUITests.swift */; };
		8CCE54F454EC3410359B3C94 /* DisclaimerTests.swift in Sources */ = {isa = PBXBuildFile; fileRef = 0613246F18CCFFF8062207F2 /* DisclaimerTests.swift */; };
		8D99DEE880F75760A39518B4 /* UIHelpers.swift in Sources */ = {isa = PBXBuildFile; fileRef = B8632C9BB2BCAEADBF9783DB /* UIHelpers.swift */; };
		99C0A75ED7B0D7512C975255 /* AppLanguageTests.swift in Sources */ = {isa = PBXBuildFile; fileRef = 2F7E585323ECC7AAF15B7902 /* AppLanguageTests.swift */; };
		9EF0618A10325BDC26811CFA /* Disclaimer.swift in Sources */ = {isa = PBXBuildFile; fileRef = DE172BD1B8DDCDFB69009B81 /* Disclaimer.swift */; };
		A93B59554CE589D8A9C58421 /* AllergensView.swift in Sources */ = {isa = PBXBuildFile; fileRef = C82F5FD4035EBF6D3E9462E9 /* AllergensView.swift */; };
		ADE88BC5FE14C1B0EBD7FCF5 /* AppRouter.swift in Sources */ = {isa = PBXBuildFile; fileRef = 33137266140F2522867A45A1 /* AppRouter.swift */; };
		AE56D291E94D7068264C7E9A /* DiaryEntryRow.swift in Sources */ = {isa = PBXBuildFile; fileRef = 067B29385AC89B87BF57873E /* DiaryEntryRow.swift */; };
		AF68B2A9931993D03C664D81 /* QuickLogSheet.swift in Sources */ = {isa = PBXBuildFile; fileRef = 69338CE31B845A60469CFB85 /* QuickLogSheet.swift */; };
		B32EA0251FC256254D19D2CF /* FeedingService.swift in Sources */ = {isa = PBXBuildFile; fileRef = BA5052AFBD5470E0D3D34A5F /* FeedingService.swift */; };
		B46F4866ACDA29A7A1D3E82E /* PrikormApp.swift in Sources */ = {isa = PBXBuildFile; fileRef = 95348E771F9D85BF57C252EA /* PrikormApp.swift */; };
		B809319B660E107D50E1B3E0 /* AllergenTracker.swift in Sources */ = {isa = PBXBuildFile; fileRef = F53D6AB2BF0763E6EB53A4A4 /* AllergenTracker.swift */; };
		BA6883AE8CA59600E865195B /* EditLogSheet.swift in Sources */ = {isa = PBXBuildFile; fileRef = B71AD6599C2AC9DBFA2356E5 /* EditLogSheet.swift */; };
		BA6ACA6293B9A1BF3FBC5EA9 /* FoodLog.swift in Sources */ = {isa = PBXBuildFile; fileRef = FDB6CBE520BAA18B97B67374 /* FoodLog.swift */; };
		BC6154128575F7506FCE9C36 /* RootView.swift in Sources */ = {isa = PBXBuildFile; fileRef = 218EDD8CEDD9BF1A0BF16A17 /* RootView.swift */; };
		BDC2423AA78C1A524BBA51CF /* AppLinks.swift in Sources */ = {isa = PBXBuildFile; fileRef = 4088924D10FC333495FBF4AE /* AppLinks.swift */; };
		C0368823FA0F2A357C413340 /* RecapView.swift in Sources */ = {isa = PBXBuildFile; fileRef = 3FFDE7EF3527F84544CCED5C /* RecapView.swift */; };
		C251313E559EA9F221AEEC08 /* DashboardUITests.swift in Sources */ = {isa = PBXBuildFile; fileRef = ECC3E6EA751A30DF6B403FB5 /* DashboardUITests.swift */; };
		C260263DBC9B0417E64CF911 /* Localizable.xcstrings in Resources */ = {isa = PBXBuildFile; fileRef = 6C6C6964DCE8ADD61EA2DDEC /* Localizable.xcstrings */; };
		C5D0EAB39E7C11FC66DEC3DB /* FeedingServiceTests.swift in Sources */ = {isa = PBXBuildFile; fileRef = 9FC7D9ABBA60C6D85849A078 /* FeedingServiceTests.swift */; };
		E5ACA4DA2C4722679A74E41D /* CalendarService.swift in Sources */ = {isa = PBXBuildFile; fileRef = A4E7FEF7218059F4616EC495 /* CalendarService.swift */; };
		E7B506A7E08332292C71C790 /* Enums.swift in Sources */ = {isa = PBXBuildFile; fileRef = ECEB249AEAB045519C4FC7B9 /* Enums.swift */; };
		ECE49371C67DE382A0CB70AD /* PlanIntroSheet.swift in Sources */ = {isa = PBXBuildFile; fileRef = A03D9BB16B36F69413C66580 /* PlanIntroSheet.swift */; };
		F57A8FBC6AF6B7038AE1BE86 /* CustomFood.swift in Sources */ = {isa = PBXBuildFile; fileRef = 49835FD1784A5B3FA0982C87 /* CustomFood.swift */; };
		F5B07AB5FBB86B7BE9064930 /* AppLanguage.swift in Sources */ = {isa = PBXBuildFile; fileRef = 3123651EDBA4C5BF5C8F7FC0 /* AppLanguage.swift */; };
		F66FC07B15831F3FF96B6DA5 /* Media.xcassets in Resources */ = {isa = PBXBuildFile; fileRef = 85E899E48B738A329E5CB660 /* Media.xcassets */; };
		F957DD6E4373E648D08274F9 /* Child.swift in Sources */ = {isa = PBXBuildFile; fileRef = 21161D9379ED59AF6BECDBFB /* Child.swift */; };
		FBEFA84CFD4E3262D4388E8C /* CalendarServiceTests.swift in Sources */ = {isa = PBXBuildFile; fileRef = CB0009C564A834981025FBF3 /* CalendarServiceTests.swift */; };
		FBFC9DEB15AD0A4A3E087F30 /* FeedingProfileTests.swift in Sources */ = {isa = PBXBuildFile; fileRef = 1097FE0A50F9EEDF57EB7CBA /* FeedingProfileTests.swift */; };
/* End PBXBuildFile section */

/* Begin PBXContainerItemProxy section */
		820AD5ED96E7F837C81E133B /* PBXContainerItemProxy */ = {
			isa = PBXContainerItemProxy;
			containerPortal = EDE155F465EE979AE3C5EC04 /* Project object */;
			proxyType = 1;
			remoteGlobalIDString = B225AB2AE07FF2CB6F6228B1;
			remoteInfo = Prikorm;
		};
		AE893BF945654D323B87E964 /* PBXContainerItemProxy */ = {
			isa = PBXContainerItemProxy;
			containerPortal = EDE155F465EE979AE3C5EC04 /* Project object */;
			proxyType = 1;
			remoteGlobalIDString = B225AB2AE07FF2CB6F6228B1;
			remoteInfo = Prikorm;
		};
/* End PBXContainerItemProxy section */

/* Begin PBXFileReference section */
		01B3662D20022C425547CE84 /* LogPhoto.swift */ = {isa = PBXFileReference; lastKnownFileType = sourcecode.swift; path = LogPhoto.swift; sourceTree = "<group>"; };
		0384473595C9ED39DB0D9950 /* ProfileView.swift */ = {isa = PBXFileReference; lastKnownFileType = sourcecode.swift; path = ProfileView.swift; sourceTree = "<group>"; };
		03E5073D03E3BDBAAE3D0B5F /* ScenarioTests.swift */ = {isa = PBXFileReference; lastKnownFileType = sourcecode.swift; path = ScenarioTests.swift; sourceTree = "<group>"; };
		0613246F18CCFFF8062207F2 /* DisclaimerTests.swift */ = {isa = PBXFileReference; lastKnownFileType = sourcecode.swift; path = DisclaimerTests.swift; sourceTree = "<group>"; };
		067B29385AC89B87BF57873E /* DiaryEntryRow.swift */ = {isa = PBXFileReference; lastKnownFileType = sourcecode.swift; path = DiaryEntryRow.swift; sourceTree = "<group>"; };
		0691F69720956DB22E693478 /* FoodStateMachineUITests.swift */ = {isa = PBXFileReference; lastKnownFileType = sourcecode.swift; path = FoodStateMachineUITests.swift; sourceTree = "<group>"; };
		0B0E392B859BC3E337BF453F /* Prikorm.app */ = {isa = PBXFileReference; includeInIndex = 0; lastKnownFileType = wrapper.application; path = Prikorm.app; sourceTree = BUILT_PRODUCTS_DIR; };
		0D6DB0C860BD7973F5D6918A /* DiaryPDFExportTests.swift */ = {isa = PBXFileReference; lastKnownFileType = sourcecode.swift; path = DiaryPDFExportTests.swift; sourceTree = "<group>"; };
		1097FE0A50F9EEDF57EB7CBA /* FeedingProfileTests.swift */ = {isa = PBXFileReference; lastKnownFileType = sourcecode.swift; path = FeedingProfileTests.swift; sourceTree = "<group>"; };
		11BE039C641EEE3C9C5F00E2 /* CustomPlanEditor.swift */ = {isa = PBXFileReference; lastKnownFileType = sourcecode.swift; path = CustomPlanEditor.swift; sourceTree = "<group>"; };
		143416CA9FE4CE7F9ADE01D4 /* FoodCatalogTests.swift */ = {isa = PBXFileReference; lastKnownFileType = sourcecode.swift; path = FoodCatalogTests.swift; sourceTree = "<group>"; };
		1A0577843717A8B0375436D4 /* RecapService.swift */ = {isa = PBXFileReference; lastKnownFileType = sourcecode.swift; path = RecapService.swift; sourceTree = "<group>"; };
		1E5CB23367B4B53F2901425F /* NotificationManager.swift */ = {isa = PBXFileReference; lastKnownFileType = sourcecode.swift; path = NotificationManager.swift; sourceTree = "<group>"; };
		21161D9379ED59AF6BECDBFB /* Child.swift */ = {isa = PBXFileReference; lastKnownFileType = sourcecode.swift; path = Child.swift; sourceTree = "<group>"; };
		218EDD8CEDD9BF1A0BF16A17 /* RootView.swift */ = {isa = PBXFileReference; lastKnownFileType = sourcecode.swift; path = RootView.swift; sourceTree = "<group>"; };
		24B3F9D6390A41694B9F5043 /* AddCustomFoodSheet.swift */ = {isa = PBXFileReference; lastKnownFileType = sourcecode.swift; path = AddCustomFoodSheet.swift; sourceTree = "<group>"; };
		2516DDFC738C31AB56AA9408 /* Components.swift */ = {isa = PBXFileReference; lastKnownFileType = sourcecode.swift; path = Components.swift; sourceTree = "<group>"; };
		270020787FFBB9A220680C29 /* DiaryPDFExport.swift */ = {isa = PBXFileReference; lastKnownFileType = sourcecode.swift; path = DiaryPDFExport.swift; sourceTree = "<group>"; };
		2F7E585323ECC7AAF15B7902 /* AppLanguageTests.swift */ = {isa = PBXFileReference; lastKnownFileType = sourcecode.swift; path = AppLanguageTests.swift; sourceTree = "<group>"; };
		3123651EDBA4C5BF5C8F7FC0 /* AppLanguage.swift */ = {isa = PBXFileReference; lastKnownFileType = sourcecode.swift; path = AppLanguage.swift; sourceTree = "<group>"; };
		33137266140F2522867A45A1 /* AppRouter.swift */ = {isa = PBXFileReference; lastKnownFileType = sourcecode.swift; path = AppRouter.swift; sourceTree = "<group>"; };
		3FFDE7EF3527F84544CCED5C /* RecapView.swift */ = {isa = PBXFileReference; lastKnownFileType = sourcecode.swift; path = RecapView.swift; sourceTree = "<group>"; };
		4088924D10FC333495FBF4AE /* AppLinks.swift */ = {isa = PBXFileReference; lastKnownFileType = sourcecode.swift; path = AppLinks.swift; sourceTree = "<group>"; };
		49835FD1784A5B3FA0982C87 /* CustomFood.swift */ = {isa = PBXFileReference; lastKnownFileType = sourcecode.swift; path = CustomFood.swift; sourceTree = "<group>"; };
		4CF87C40EB3D72ED2F5C39B7 /* foods.json */ = {isa = PBXFileReference; lastKnownFileType = text.json; path = foods.json; sourceTree = "<group>"; };
		50BEB85E953117EC30176B13 /* AllergenMaintenance.swift */ = {isa = PBXFileReference; lastKnownFileType = sourcecode.swift; path = AllergenMaintenance.swift; sourceTree = "<group>"; };
		50BFA277A9F595AEA4F56908 /* SampleData.swift */ = {isa = PBXFileReference; lastKnownFileType = sourcecode.swift; path = SampleData.swift; sourceTree = "<group>"; };
		54502A32A1FC7C0FD91517B6 /* MainTabView.swift */ = {isa = PBXFileReference; lastKnownFileType = sourcecode.swift; path = MainTabView.swift; sourceTree = "<group>"; };
		57582D03E1DD713519F97F27 /* AllergenTests.swift */ = {isa = PBXFileReference; lastKnownFileType = sourcecode.swift; path = AllergenTests.swift; sourceTree = "<group>"; };
		682EB2322E14EEDBF5EDC5F4 /* DashboardView.swift */ = {isa = PBXFileReference; lastKnownFileType = sourcecode.swift; path = DashboardView.swift; sourceTree = "<group>"; };
		68F2FE0BD30933E51C81F28C /* CatalogUITests.swift */ = {isa = PBXFileReference; lastKnownFileType = sourcecode.swift; path = CatalogUITests.swift; sourceTree = "<group>"; };
		69338CE31B845A60469CFB85 /* QuickLogSheet.swift */ = {isa = PBXFileReference; lastKnownFileType = sourcecode.swift; path = QuickLogSheet.swift; sourceTree = "<group>"; };
		6B8CD4AA983FA435521A60B9 /* FeedingProfile.swift */ = {isa = PBXFileReference; lastKnownFileType = sourcecode.swift; path = FeedingProfile.swift; sourceTree = "<group>"; };
		6C6C6964DCE8ADD61EA2DDEC /* Localizable.xcstrings */ = {isa = PBXFileReference; lastKnownFileType = text.json.xcstrings; path = Localizable.xcstrings; sourceTree = "<group>"; };
		6EEE512BF23D205F3A40501F /* Theme.swift */ = {isa = PBXFileReference; lastKnownFileType = sourcecode.swift; path = Theme.swift; sourceTree = "<group>"; };
		752BF5E941CC9648AC650547 /* ModelTests.swift */ = {isa = PBXFileReference; lastKnownFileType = sourcecode.swift; path = ModelTests.swift; sourceTree = "<group>"; };
		7861AD8F79C95B259F207535 /* FoodIcon.swift */ = {isa = PBXFileReference; lastKnownFileType = sourcecode.swift; path = FoodIcon.swift; sourceTree = "<group>"; };
		806C412A4935A271135884DD /* FoodDetailView.swift */ = {isa = PBXFileReference; lastKnownFileType = sourcecode.swift; path = FoodDetailView.swift; sourceTree = "<group>"; };
		85E899E48B738A329E5CB660 /* Media.xcassets */ = {isa = PBXFileReference; lastKnownFileType = folder.assetcatalog; path = Media.xcassets; sourceTree = "<group>"; };
		8EECDDA54F71DD47942214DD /* UITestSupport.swift */ = {isa = PBXFileReference; lastKnownFileType = sourcecode.swift; path = UITestSupport.swift; sourceTree = "<group>"; };
		8FDA3AB3968043DF47355713 /* PrikormUITests.xctest */ = {isa = PBXFileReference; includeInIndex = 0; lastKnownFileType = wrapper.cfbundle; path = PrikormUITests.xctest; sourceTree = BUILT_PRODUCTS_DIR; };
		95348E771F9D85BF57C252EA /* PrikormApp.swift */ = {isa = PBXFileReference; lastKnownFileType = sourcecode.swift; path = PrikormApp.swift; sourceTree = "<group>"; };
		9552BEB8A9718015F8F199F9 /* AllergensUITests.swift */ = {isa = PBXFileReference; lastKnownFileType = sourcecode.swift; path = AllergensUITests.swift; sourceTree = "<group>"; };
		9922FB2EF938071E03BD65DA /* PrikormTests.xctest */ = {isa = PBXFileReference; includeInIndex = 0; lastKnownFileType = wrapper.cfbundle; path = PrikormTests.xctest; sourceTree = BUILT_PRODUCTS_DIR; };
		9FC7D9ABBA60C6D85849A078 /* FeedingServiceTests.swift */ = {isa = PBXFileReference; lastKnownFileType = sourcecode.swift; path = FeedingServiceTests.swift; sourceTree = "<group>"; };
		A03D9BB16B36F69413C66580 /* PlanIntroSheet.swift */ = {isa = PBXFileReference; lastKnownFileType = sourcecode.swift; path = PlanIntroSheet.swift; sourceTree = "<group>"; };
		A472EB7D1A15DBF98AC21D76 /* CalendarUITests.swift */ = {isa = PBXFileReference; lastKnownFileType = sourcecode.swift; path = CalendarUITests.swift; sourceTree = "<group>"; };
		A4E7FEF7218059F4616EC495 /* CalendarService.swift */ = {isa = PBXFileReference; lastKnownFileType = sourcecode.swift; path = CalendarService.swift; sourceTree = "<group>"; };
		A7202CCEEDDA2C234B6042B4 /* LogFeedingSheet.swift */ = {isa = PBXFileReference; lastKnownFileType = sourcecode.swift; path = LogFeedingSheet.swift; sourceTree = "<group>"; };
		A7E9B74217E24AA130517A1B /* OnboardingUITests.swift */ = {isa = PBXFileReference; lastKnownFileType = sourcecode.swift; path = OnboardingUITests.swift; sourceTree = "<group>"; };
		B71AD6599C2AC9DBFA2356E5 /* EditLogSheet.swift */ = {isa = PBXFileReference; lastKnownFileType = sourcecode.swift; path = EditLogSheet.swift; sourceTree = "<group>"; };
		B8632C9BB2BCAEADBF9783DB /* UIHelpers.swift */ = {isa = PBXFileReference; lastKnownFileType = sourcecode.swift; path = UIHelpers.swift; sourceTree = "<group>"; };
		BA18465713D438512E16B883 /* Food.swift */ = {isa = PBXFileReference; lastKnownFileType = sourcecode.swift; path = Food.swift; sourceTree = "<group>"; };
		BA5052AFBD5470E0D3D34A5F /* FeedingService.swift */ = {isa = PBXFileReference; lastKnownFileType = sourcecode.swift; path = FeedingService.swift; sourceTree = "<group>"; };
		BBB58ABFA1CBA2E94BF84495 /* CatalogView.swift */ = {isa = PBXFileReference; lastKnownFileType = sourcecode.swift; path = CatalogView.swift; sourceTree = "<group>"; };
		C433EBD9F4667FE93AD5A17A /* DayDetailView.swift */ = {isa = PBXFileReference; lastKnownFileType = sourcecode.swift; path = DayDetailView.swift; sourceTree = "<group>"; };
		C82F5FD4035EBF6D3E9462E9 /* AllergensView.swift */ = {isa = PBXFileReference; lastKnownFileType = sourcecode.swift; path = AllergensView.swift; sourceTree = "<group>"; };
		C9D0FE42CDCCA96CA8A7C2D7 /* Mascot.swift */ = {isa = PBXFileReference; lastKnownFileType = sourcecode.swift; path = Mascot.swift; sourceTree = "<group>"; };
		CB0009C564A834981025FBF3 /* CalendarServiceTests.swift */ = {isa = PBXFileReference; lastKnownFileType = sourcecode.swift; path = CalendarServiceTests.swift; sourceTree = "<group>"; };
		D1E268D96C92E391B0F159AA /* MascotTests.swift */ = {isa = PBXFileReference; lastKnownFileType = sourcecode.swift; path = MascotTests.swift; sourceTree = "<group>"; };
		DE172BD1B8DDCDFB69009B81 /* Disclaimer.swift */ = {isa = PBXFileReference; lastKnownFileType = sourcecode.swift; path = Disclaimer.swift; sourceTree = "<group>"; };
		E1CA74998939067F427B3264 /* AppShellTests.swift */ = {isa = PBXFileReference; lastKnownFileType = sourcecode.swift; path = AppShellTests.swift; sourceTree = "<group>"; };
		E31C5CCF52FEA73D220E561B /* CalendarView.swift */ = {isa = PBXFileReference; lastKnownFileType = sourcecode.swift; path = CalendarView.swift; sourceTree = "<group>"; };
		E49FCEF879CE812C974A9E25 /* OnboardingView.swift */ = {isa = PBXFileReference; lastKnownFileType = sourcecode.swift; path = OnboardingView.swift; sourceTree = "<group>"; };
		E624F4C83934F23A508ECBF2 /* IntroductionStatus.swift */ = {isa = PBXFileReference; lastKnownFileType = sourcecode.swift; path = IntroductionStatus.swift; sourceTree = "<group>"; };
		E8D70CAFFA84437231ADC9D6 /* FoodCatalog.swift */ = {isa = PBXFileReference; lastKnownFileType = sourcecode.swift; path = FoodCatalog.swift; sourceTree = "<group>"; };
		E92C547C212BEF6EC84EEABC /* RecapServiceTests.swift */ = {isa = PBXFileReference; lastKnownFileType = sourcecode.swift; path = RecapServiceTests.swift; sourceTree = "<group>"; };
		EA2790ACAA8297584357139D /* UITestHelpers.swift */ = {isa = PBXFileReference; lastKnownFileType = sourcecode.swift; path = UITestHelpers.swift; sourceTree = "<group>"; };
		ECC3E6EA751A30DF6B403FB5 /* DashboardUITests.swift */ = {isa = PBXFileReference; lastKnownFileType = sourcecode.swift; path = DashboardUITests.swift; sourceTree = "<group>"; };
		ECEB249AEAB045519C4FC7B9 /* Enums.swift */ = {isa = PBXFileReference; lastKnownFileType = sourcecode.swift; path = Enums.swift; sourceTree = "<group>"; };
		EE5E2EBCB38DCDCD4D39455E /* PhotoViewer.swift */ = {isa = PBXFileReference; lastKnownFileType = sourcecode.swift; path = PhotoViewer.swift; sourceTree = "<group>"; };
		EEBD033DE74ECFCE6B53A451 /* ProfileUITests.swift */ = {isa = PBXFileReference; lastKnownFileType = sourcecode.swift; path = ProfileUITests.swift; sourceTree = "<group>"; };
		F53D6AB2BF0763E6EB53A4A4 /* AllergenTracker.swift */ = {isa = PBXFileReference; lastKnownFileType = sourcecode.swift; path = AllergenTracker.swift; sourceTree = "<group>"; };
		F91728E60FD50897DDC17B6E /* NotificationManagerTests.swift */ = {isa = PBXFileReference; lastKnownFileType = sourcecode.swift; path = NotificationManagerTests.swift; sourceTree = "<group>"; };
		FDB6CBE520BAA18B97B67374 /* FoodLog.swift */ = {isa = PBXFileReference; lastKnownFileType = sourcecode.swift; path = FoodLog.swift; sourceTree = "<group>"; };
/* End PBXFileReference section */

/* Begin PBXGroup section */
		01C2D21A72E68FF6BBF75B0D /* Dashboard */ = {
			isa = PBXGroup;
			children = (
				682EB2322E14EEDBF5EDC5F4 /* DashboardView.swift */,
			);
			path = Dashboard;
			sourceTree = "<group>";
		};
		2E12E34F67124B37927E8122 /* Products */ = {
			isa = PBXGroup;
			children = (
				0B0E392B859BC3E337BF453F /* Prikorm.app */,
				9922FB2EF938071E03BD65DA /* PrikormTests.xctest */,
				8FDA3AB3968043DF47355713 /* PrikormUITests.xctest */,
			);
			name = Products;
			sourceTree = "<group>";
		};
		2F3C9BCB2D5A4F4A131D3149 /* Profile */ = {
			isa = PBXGroup;
			children = (
				0384473595C9ED39DB0D9950 /* ProfileView.swift */,
			);
			path = Profile;
			sourceTree = "<group>";
		};
		34F220EE13D2559511BEBAB9 /* Tests */ = {
			isa = PBXGroup;
			children = (
				57582D03E1DD713519F97F27 /* AllergenTests.swift */,
				2F7E585323ECC7AAF15B7902 /* AppLanguageTests.swift */,
				E1CA74998939067F427B3264 /* AppShellTests.swift */,
				CB0009C564A834981025FBF3 /* CalendarServiceTests.swift */,
				0D6DB0C860BD7973F5D6918A /* DiaryPDFExportTests.swift */,
				0613246F18CCFFF8062207F2 /* DisclaimerTests.swift */,
				1097FE0A50F9EEDF57EB7CBA /* FeedingProfileTests.swift */,
				9FC7D9ABBA60C6D85849A078 /* FeedingServiceTests.swift */,
				143416CA9FE4CE7F9ADE01D4 /* FoodCatalogTests.swift */,
				D1E268D96C92E391B0F159AA /* MascotTests.swift */,
				752BF5E941CC9648AC650547 /* ModelTests.swift */,
				F91728E60FD50897DDC17B6E /* NotificationManagerTests.swift */,
				E92C547C212BEF6EC84EEABC /* RecapServiceTests.swift */,
				03E5073D03E3BDBAAE3D0B5F /* ScenarioTests.swift */,
			);
			path = Tests;
			sourceTree = "<group>";
		};
		5B48E6814E5EEE95392DAD79 /* Sources */ = {
			isa = PBXGroup;
			children = (
				E89C952FA3A34A1CACCAE9AD /* App */,
				E43A09383692542CD1FBF8D8 /* Features */,
				949615AD1DB64EDC31B86B4A /* Models */,
				D50BCCEC45371C99FE83C460 /* Services */,
			);
			path = Sources;
			sourceTree = "<group>";
		};
		6572A45395B99A5799226B03 /* Resources */ = {
			isa = PBXGroup;
			children = (
				4CF87C40EB3D72ED2F5C39B7 /* foods.json */,
				6C6C6964DCE8ADD61EA2DDEC /* Localizable.xcstrings */,
				85E899E48B738A329E5CB660 /* Media.xcassets */,
			);
			path = Resources;
			sourceTree = "<group>";
		};
		66E4F3B899AFEA8B8E137BFF /* Allergens */ = {
			isa = PBXGroup;
			children = (
				C82F5FD4035EBF6D3E9462E9 /* AllergensView.swift */,
			);
			path = Allergens;
			sourceTree = "<group>";
		};
		949615AD1DB64EDC31B86B4A /* Models */ = {
			isa = PBXGroup;
			children = (
				21161D9379ED59AF6BECDBFB /* Child.swift */,
				49835FD1784A5B3FA0982C87 /* CustomFood.swift */,
				ECEB249AEAB045519C4FC7B9 /* Enums.swift */,
				6B8CD4AA983FA435521A60B9 /* FeedingProfile.swift */,
				BA18465713D438512E16B883 /* Food.swift */,
				FDB6CBE520BAA18B97B67374 /* FoodLog.swift */,
				E624F4C83934F23A508ECBF2 /* IntroductionStatus.swift */,
				01B3662D20022C425547CE84 /* LogPhoto.swift */,
			);
			path = Models;
			sourceTree = "<group>";
		};
		96BD03F1B06475427E7BDC98 = {
			isa = PBXGroup;
			children = (
				6572A45395B99A5799226B03 /* Resources */,
				5B48E6814E5EEE95392DAD79 /* Sources */,
				34F220EE13D2559511BEBAB9 /* Tests */,
				D7F22C2324F864476D9612E7 /* UITests */,
				2E12E34F67124B37927E8122 /* Products */,
			);
			sourceTree = "<group>";
		};
		AF898610326B7469A979C436 /* Calendar */ = {
			isa = PBXGroup;
			children = (
				E31C5CCF52FEA73D220E561B /* CalendarView.swift */,
				C433EBD9F4667FE93AD5A17A /* DayDetailView.swift */,
				3FFDE7EF3527F84544CCED5C /* RecapView.swift */,
			);
			path = Calendar;
			sourceTree = "<group>";
		};
		B0877121F9205770D15EFAF8 /* Catalog */ = {
			isa = PBXGroup;
			children = (
				24B3F9D6390A41694B9F5043 /* AddCustomFoodSheet.swift */,
				BBB58ABFA1CBA2E94BF84495 /* CatalogView.swift */,
				806C412A4935A271135884DD /* FoodDetailView.swift */,
				A7202CCEEDDA2C234B6042B4 /* LogFeedingSheet.swift */,
			);
			path = Catalog;
			sourceTree = "<group>";
		};
		D50BCCEC45371C99FE83C460 /* Services */ = {
			isa = PBXGroup;
			children = (
				50BEB85E953117EC30176B13 /* AllergenMaintenance.swift */,
				F53D6AB2BF0763E6EB53A4A4 /* AllergenTracker.swift */,
				A4E7FEF7218059F4616EC495 /* CalendarService.swift */,
				270020787FFBB9A220680C29 /* DiaryPDFExport.swift */,
				BA5052AFBD5470E0D3D34A5F /* FeedingService.swift */,
				E8D70CAFFA84437231ADC9D6 /* FoodCatalog.swift */,
				1E5CB23367B4B53F2901425F /* NotificationManager.swift */,
				1A0577843717A8B0375436D4 /* RecapService.swift */,
			);
			path = Services;
			sourceTree = "<group>";
		};
		D7F22C2324F864476D9612E7 /* UITests */ = {
			isa = PBXGroup;
			children = (
				9552BEB8A9718015F8F199F9 /* AllergensUITests.swift */,
				A472EB7D1A15DBF98AC21D76 /* CalendarUITests.swift */,
				68F2FE0BD30933E51C81F28C /* CatalogUITests.swift */,
				ECC3E6EA751A30DF6B403FB5 /* DashboardUITests.swift */,
				0691F69720956DB22E693478 /* FoodStateMachineUITests.swift */,
				A7E9B74217E24AA130517A1B /* OnboardingUITests.swift */,
				EEBD033DE74ECFCE6B53A451 /* ProfileUITests.swift */,
				EA2790ACAA8297584357139D /* UITestHelpers.swift */,
			);
			path = UITests;
			sourceTree = "<group>";
		};
		E43A09383692542CD1FBF8D8 /* Features */ = {
			isa = PBXGroup;
			children = (
				54502A32A1FC7C0FD91517B6 /* MainTabView.swift */,
				66E4F3B899AFEA8B8E137BFF /* Allergens */,
				AF898610326B7469A979C436 /* Calendar */,
				B0877121F9205770D15EFAF8 /* Catalog */,
				E7CE3B925C2E2404006D3282 /* Common */,
				01C2D21A72E68FF6BBF75B0D /* Dashboard */,
				F9F9DC6A196B9901FA2BD232 /* Onboarding */,
				2F3C9BCB2D5A4F4A131D3149 /* Profile */,
			);
			path = Features;
			sourceTree = "<group>";
		};
		E7CE3B925C2E2404006D3282 /* Common */ = {
			isa = PBXGroup;
			children = (
				2516DDFC738C31AB56AA9408 /* Components.swift */,
				11BE039C641EEE3C9C5F00E2 /* CustomPlanEditor.swift */,
				067B29385AC89B87BF57873E /* DiaryEntryRow.swift */,
				B71AD6599C2AC9DBFA2356E5 /* EditLogSheet.swift */,
				7861AD8F79C95B259F207535 /* FoodIcon.swift */,
				C9D0FE42CDCCA96CA8A7C2D7 /* Mascot.swift */,
				EE5E2EBCB38DCDCD4D39455E /* PhotoViewer.swift */,
				A03D9BB16B36F69413C66580 /* PlanIntroSheet.swift */,
				69338CE31B845A60469CFB85 /* QuickLogSheet.swift */,
				6EEE512BF23D205F3A40501F /* Theme.swift */,
				B8632C9BB2BCAEADBF9783DB /* UIHelpers.swift */,
			);
			path = Common;
			sourceTree = "<group>";
		};
		E89C952FA3A34A1CACCAE9AD /* App */ = {
			isa = PBXGroup;
			children = (
				3123651EDBA4C5BF5C8F7FC0 /* AppLanguage.swift */,
				4088924D10FC333495FBF4AE /* AppLinks.swift */,
				33137266140F2522867A45A1 /* AppRouter.swift */,
				DE172BD1B8DDCDFB69009B81 /* Disclaimer.swift */,
				95348E771F9D85BF57C252EA /* PrikormApp.swift */,
				218EDD8CEDD9BF1A0BF16A17 /* RootView.swift */,
				50BFA277A9F595AEA4F56908 /* SampleData.swift */,
				8EECDDA54F71DD47942214DD /* UITestSupport.swift */,
			);
			path = App;
			sourceTree = "<group>";
		};
		F9F9DC6A196B9901FA2BD232 /* Onboarding */ = {
			isa = PBXGroup;
			children = (
				E49FCEF879CE812C974A9E25 /* OnboardingView.swift */,
			);
			path = Onboarding;
			sourceTree = "<group>";
		};
/* End PBXGroup section */

/* Begin PBXNativeTarget section */
		0DBCA0752354B4301DA621E2 /* PrikormTests */ = {
			isa = PBXNativeTarget;
			buildConfigurationList = 12309E69409656C3CD06F723 /* Build configuration list for PBXNativeTarget "PrikormTests" */;
			buildPhases = (
				265EE4C4DE848AE7884EA960 /* Sources */,
			);
			buildRules = (
			);
			dependencies = (
				EF3D24D7A5C9D23E4CED3D7F /* PBXTargetDependency */,
			);
			name = PrikormTests;
			packageProductDependencies = (
			);
			productName = PrikormTests;
			productReference = 9922FB2EF938071E03BD65DA /* PrikormTests.xctest */;
			productType = "com.apple.product-type.bundle.unit-test";
		};
		7F3934152C34F448786E207A /* PrikormUITests */ = {
			isa = PBXNativeTarget;
			buildConfigurationList = EAC0F3A0C095DDBCD09F28B7 /* Build configuration list for PBXNativeTarget "PrikormUITests" */;
			buildPhases = (
				243257A7D246B2C60B3C4C04 /* Sources */,
			);
			buildRules = (
			);
			dependencies = (
				6B3978694FE96F6312E8F57F /* PBXTargetDependency */,
			);
			name = PrikormUITests;
			packageProductDependencies = (
			);
			productName = PrikormUITests;
			productReference = 8FDA3AB3968043DF47355713 /* PrikormUITests.xctest */;
			productType = "com.apple.product-type.bundle.ui-testing";
		};
		B225AB2AE07FF2CB6F6228B1 /* Prikorm */ = {
			isa = PBXNativeTarget;
			buildConfigurationList = 4B9AC65DCC8A041EA4F433B3 /* Build configuration list for PBXNativeTarget "Prikorm" */;
			buildPhases = (
				9C3C9A134C23CEECE7120530 /* Sources */,
				1EBE4B9F6D923DDF5A8C9946 /* Resources */,
			);
			buildRules = (
			);
			dependencies = (
			);
			name = Prikorm;
			packageProductDependencies = (
			);
			productName = Prikorm;
			productReference = 0B0E392B859BC3E337BF453F /* Prikorm.app */;
			productType = "com.apple.product-type.application";
		};
/* End PBXNativeTarget section */

/* Begin PBXProject section */
		EDE155F465EE979AE3C5EC04 /* Project object */ = {
			isa = PBXProject;
			attributes = {
				BuildIndependentTargetsInParallel = YES;
				LastUpgradeCheck = 1430;
				TargetAttributes = {
					0DBCA0752354B4301DA621E2 = {
						DevelopmentTeam = A89ST3SFXS;
						ProvisioningStyle = Automatic;
					};
					7F3934152C34F448786E207A = {
						DevelopmentTeam = A89ST3SFXS;
						ProvisioningStyle = Automatic;
						TestTargetID = B225AB2AE07FF2CB6F6228B1;
					};
					B225AB2AE07FF2CB6F6228B1 = {
						DevelopmentTeam = A89ST3SFXS;
						ProvisioningStyle = Automatic;
					};
				};
			};
			buildConfigurationList = E95CB6DFAE307A18CF82430C /* Build configuration list for PBXProject "Prikorm" */;
			developmentRegion = ru;
			hasScannedForEncodings = 0;
			knownRegions = (
				Base,
				en,
				ru,
			);
			mainGroup = 96BD03F1B06475427E7BDC98;
			minimizedProjectReferenceProxies = 1;
			preferredProjectObjectVersion = 77;
			productRefGroup = 2E12E34F67124B37927E8122 /* Products */;
			projectDirPath = "";
			projectRoot = "";
			targets = (
				B225AB2AE07FF2CB6F6228B1 /* Prikorm */,
				0DBCA0752354B4301DA621E2 /* PrikormTests */,
				7F3934152C34F448786E207A /* PrikormUITests */,
			);
		};
/* End PBXProject section */

/* Begin PBXResourcesBuildPhase section */
		1EBE4B9F6D923DDF5A8C9946 /* Resources */ = {
			isa = PBXResourcesBuildPhase;
			buildActionMask = 2147483647;
			files = (
				C260263DBC9B0417E64CF911 /* Localizable.xcstrings in Resources */,
				F66FC07B15831F3FF96B6DA5 /* Media.xcassets in Resources */,
				51E1607B81EE325063A2D1E4 /* foods.json in Resources */,
			);
			runOnlyForDeploymentPostprocessing = 0;
		};
/* End PBXResourcesBuildPhase section */

/* Begin PBXSourcesBuildPhase section */
		243257A7D246B2C60B3C4C04 /* Sources */ = {
			isa = PBXSourcesBuildPhase;
			buildActionMask = 2147483647;
			files = (
				2441C6E86B2B91A59650E1A3 /* AllergensUITests.swift in Sources */,
				6FEA128BF3A6E5EA8D8DECDA /* CalendarUITests.swift in Sources */,
				00C35D52A96D2C97C17FE19A /* CatalogUITests.swift in Sources */,
				C251313E559EA9F221AEEC08 /* DashboardUITests.swift in Sources */,
				7B547C41F321F1E6F4A91091 /* FoodStateMachineUITests.swift in Sources */,
				87EDD71DFFFC564A658E2E1E /* OnboardingUITests.swift in Sources */,
				8194C7D9AD848D6C166D5525 /* ProfileUITests.swift in Sources */,
				48893086D2C7A6E8FEC4545F /* UITestHelpers.swift in Sources */,
			);
			runOnlyForDeploymentPostprocessing = 0;
		};
		265EE4C4DE848AE7884EA960 /* Sources */ = {
			isa = PBXSourcesBuildPhase;
			buildActionMask = 2147483647;
			files = (
				11D010D47663E97F43330F26 /* AllergenTests.swift in Sources */,
				99C0A75ED7B0D7512C975255 /* AppLanguageTests.swift in Sources */,
				11E6F2BF5C713667205FBA23 /* AppShellTests.swift in Sources */,
				FBEFA84CFD4E3262D4388E8C /* CalendarServiceTests.swift in Sources */,
				305050F4BAFFB26A323BB125 /* DiaryPDFExportTests.swift in Sources */,
				8CCE54F454EC3410359B3C94 /* DisclaimerTests.swift in Sources */,
				FBFC9DEB15AD0A4A3E087F30 /* FeedingProfileTests.swift in Sources */,
				C5D0EAB39E7C11FC66DEC3DB /* FeedingServiceTests.swift in Sources */,
				2B01BE2AA03EBE41CBE41464 /* FoodCatalogTests.swift in Sources */,
				47C6B433D8A250FD7B0EAB0E /* MascotTests.swift in Sources */,
				5AD8E545CD90629549CCBBC3 /* ModelTests.swift in Sources */,
				3BDBD294BE29B94513069E1A /* NotificationManagerTests.swift in Sources */,
				15BA06E44E2481714A9C5793 /* RecapServiceTests.swift in Sources */,
				28AB41175B322E5EB8C48207 /* ScenarioTests.swift in Sources */,
			);
			runOnlyForDeploymentPostprocessing = 0;
		};
		9C3C9A134C23CEECE7120530 /* Sources */ = {
			isa = PBXSourcesBuildPhase;
			buildActionMask = 2147483647;
			files = (
				118327007916B30997ED1171 /* AddCustomFoodSheet.swift in Sources */,
				03DF82600F9C6BD56745ECDB /* AllergenMaintenance.swift in Sources */,
				B809319B660E107D50E1B3E0 /* AllergenTracker.swift in Sources */,
				A93B59554CE589D8A9C58421 /* AllergensView.swift in Sources */,
				F5B07AB5FBB86B7BE9064930 /* AppLanguage.swift in Sources */,
				BDC2423AA78C1A524BBA51CF /* AppLinks.swift in Sources */,
				ADE88BC5FE14C1B0EBD7FCF5 /* AppRouter.swift in Sources */,
				E5ACA4DA2C4722679A74E41D /* CalendarService.swift in Sources */,
				14A679536E76A2808BB20159 /* CalendarView.swift in Sources */,
				2ED93EC39C060D171CFCF957 /* CatalogView.swift in Sources */,
				F957DD6E4373E648D08274F9 /* Child.swift in Sources */,
				43A27EFA9C3E8807FD5C3114 /* Components.swift in Sources */,
				F57A8FBC6AF6B7038AE1BE86 /* CustomFood.swift in Sources */,
				051E64497EB9DEA0DB56EF16 /* CustomPlanEditor.swift in Sources */,
				5DE07809139DA126C3986B1E /* DashboardView.swift in Sources */,
				0A08FA37922C0D8AD99A83F1 /* DayDetailView.swift in Sources */,
				AE56D291E94D7068264C7E9A /* DiaryEntryRow.swift in Sources */,
				5175661213B86BD0231DD81D /* DiaryPDFExport.swift in Sources */,
				9EF0618A10325BDC26811CFA /* Disclaimer.swift in Sources */,
				BA6883AE8CA59600E865195B /* EditLogSheet.swift in Sources */,
				E7B506A7E08332292C71C790 /* Enums.swift in Sources */,
				2E024DAE7DAD0B07AC48EC57 /* FeedingProfile.swift in Sources */,
				B32EA0251FC256254D19D2CF /* FeedingService.swift in Sources */,
				659F6D037F6A73319D6E9230 /* Food.swift in Sources */,
				83BD6DB88AC9305A3661C279 /* FoodCatalog.swift in Sources */,
				72FFE23EA1A9703C2EB246E1 /* FoodDetailView.swift in Sources */,
				6C18BDDBF46077B699864AE2 /* FoodIcon.swift in Sources */,
				BA6ACA6293B9A1BF3FBC5EA9 /* FoodLog.swift in Sources */,
				1BA9CAE795DBD9F108D57343 /* IntroductionStatus.swift in Sources */,
				31965A67F1B1E23860D86E60 /* LogFeedingSheet.swift in Sources */,
				0EEAF8134494BA8047896B41 /* LogPhoto.swift in Sources */,
				0833A2608C6209B358C74BA5 /* MainTabView.swift in Sources */,
				42298FBF08BBE3C905CCC32F /* Mascot.swift in Sources */,
				202A1B350019D481E0B7C8DB /* NotificationManager.swift in Sources */,
				164A13BA5D7639C071CE5F56 /* OnboardingView.swift in Sources */,
				08CC1370309D9E3C244052DC /* PhotoViewer.swift in Sources */,
				ECE49371C67DE382A0CB70AD /* PlanIntroSheet.swift in Sources */,
				B46F4866ACDA29A7A1D3E82E /* PrikormApp.swift in Sources */,
				30E885DD88EDACA5C7036245 /* ProfileView.swift in Sources */,
				AF68B2A9931993D03C664D81 /* QuickLogSheet.swift in Sources */,
				2AE136259F2ED1160F362A34 /* RecapService.swift in Sources */,
				C0368823FA0F2A357C413340 /* RecapView.swift in Sources */,
				BC6154128575F7506FCE9C36 /* RootView.swift in Sources */,
				1EC5CAB94A202012B0675F88 /* SampleData.swift in Sources */,
				45F0644FCA6BC9FB8004630E /* Theme.swift in Sources */,
				8D99DEE880F75760A39518B4 /* UIHelpers.swift in Sources */,
				04E9723393224204E862860F /* UITestSupport.swift in Sources */,
			);
			runOnlyForDeploymentPostprocessing = 0;
		};
/* End PBXSourcesBuildPhase section */

/* Begin PBXTargetDependency section */
		6B3978694FE96F6312E8F57F /* PBXTargetDependency */ = {
			isa = PBXTargetDependency;
			target = B225AB2AE07FF2CB6F6228B1 /* Prikorm */;
			targetProxy = AE893BF945654D323B87E964 /* PBXContainerItemProxy */;
		};
		EF3D24D7A5C9D23E4CED3D7F /* PBXTargetDependency */ = {
			isa = PBXTargetDependency;
			target = B225AB2AE07FF2CB6F6228B1 /* Prikorm */;
			targetProxy = 820AD5ED96E7F837C81E133B /* PBXContainerItemProxy */;
		};
/* End PBXTargetDependency section */

/* Begin XCBuildConfiguration section */
		20E489B2AD9118D66A0A5CF1 /* Release */ = {
			isa = XCBuildConfiguration;
			buildSettings = {
				ALWAYS_SEARCH_USER_PATHS = NO;
				CLANG_ANALYZER_NONNULL = YES;
				CLANG_ANALYZER_NUMBER_OBJECT_CONVERSION = YES_AGGRESSIVE;
				CLANG_CXX_LANGUAGE_STANDARD = "gnu++14";
				CLANG_CXX_LIBRARY = "libc++";
				CLANG_ENABLE_MODULES = YES;
				CLANG_ENABLE_OBJC_ARC = YES;
				CLANG_ENABLE_OBJC_WEAK = YES;
				CLANG_WARN_BLOCK_CAPTURE_AUTORELEASING = YES;
				CLANG_WARN_BOOL_CONVERSION = YES;
				CLANG_WARN_COMMA = YES;
				CLANG_WARN_CONSTANT_CONVERSION = YES;
				CLANG_WARN_DEPRECATED_OBJC_IMPLEMENTATIONS = YES;
				CLANG_WARN_DIRECT_OBJC_ISA_USAGE = YES_ERROR;
				CLANG_WARN_DOCUMENTATION_COMMENTS = YES;
				CLANG_WARN_EMPTY_BODY = YES;
				CLANG_WARN_ENUM_CONVERSION = YES;
				CLANG_WARN_INFINITE_RECURSION = YES;
				CLANG_WARN_INT_CONVERSION = YES;
				CLANG_WARN_NON_LITERAL_NULL_CONVERSION = YES;
				CLANG_WARN_OBJC_IMPLICIT_RETAIN_SELF = YES;
				CLANG_WARN_OBJC_LITERAL_CONVERSION = YES;
				CLANG_WARN_OBJC_ROOT_CLASS = YES_ERROR;
				CLANG_WARN_QUOTED_INCLUDE_IN_FRAMEWORK_HEADER = YES;
				CLANG_WARN_RANGE_LOOP_ANALYSIS = YES;
				CLANG_WARN_STRICT_PROTOTYPES = YES;
				CLANG_WARN_SUSPICIOUS_MOVE = YES;
				CLANG_WARN_UNGUARDED_AVAILABILITY = YES_AGGRESSIVE;
				CLANG_WARN_UNREACHABLE_CODE = YES;
				CLANG_WARN__DUPLICATE_METHOD_MATCH = YES;
				COPY_PHASE_STRIP = NO;
				CURRENT_PROJECT_VERSION = 1;
				DEBUG_INFORMATION_FORMAT = "dwarf-with-dsym";
				ENABLE_NS_ASSERTIONS = NO;
				ENABLE_STRICT_OBJC_MSGSEND = YES;
				GCC_C_LANGUAGE_STANDARD = gnu11;
				GCC_NO_COMMON_BLOCKS = YES;
				GCC_WARN_64_TO_32_BIT_CONVERSION = YES;
				GCC_WARN_ABOUT_RETURN_TYPE = YES_ERROR;
				GCC_WARN_UNDECLARED_SELECTOR = YES;
				GCC_WARN_UNINITIALIZED_AUTOS = YES_AGGRESSIVE;
				GCC_WARN_UNUSED_FUNCTION = YES;
				GCC_WARN_UNUSED_VARIABLE = YES;
				IPHONEOS_DEPLOYMENT_TARGET = 17.0;
				MARKETING_VERSION = 0.1.0;
				MTL_ENABLE_DEBUG_INFO = NO;
				MTL_FAST_MATH = YES;
				PRODUCT_NAME = "$(TARGET_NAME)";
				SDKROOT = iphoneos;
				SWIFT_COMPILATION_MODE = wholemodule;
				SWIFT_OPTIMIZATION_LEVEL = "-O";
				SWIFT_VERSION = 5.0;
			};
			name = Release;
		};
		3562FAB892066FE180B6D29B /* Release */ = {
			isa = XCBuildConfiguration;
			buildSettings = {
				BUNDLE_LOADER = "$(TEST_HOST)";
				CODE_SIGN_STYLE = Automatic;
				DEVELOPMENT_TEAM = A89ST3SFXS;
				GENERATE_INFOPLIST_FILE = YES;
				LD_RUNPATH_SEARCH_PATHS = (
					"$(inherited)",
					"@executable_path/Frameworks",
					"@loader_path/Frameworks",
				);
				PRODUCT_BUNDLE_IDENTIFIER = com.prikorm.tests;
				SDKROOT = iphoneos;
				TARGETED_DEVICE_FAMILY = "1,2";
				TEST_HOST = "$(BUILT_PRODUCTS_DIR)/Prikorm.app/Prikorm";
			};
			name = Release;
		};
		81D65325764A3544BBD0777D /* Debug */ = {
			isa = XCBuildConfiguration;
			buildSettings = {
				ALWAYS_SEARCH_USER_PATHS = NO;
				CLANG_ANALYZER_NONNULL = YES;
				CLANG_ANALYZER_NUMBER_OBJECT_CONVERSION = YES_AGGRESSIVE;
				CLANG_CXX_LANGUAGE_STANDARD = "gnu++14";
				CLANG_CXX_LIBRARY = "libc++";
				CLANG_ENABLE_MODULES = YES;
				CLANG_ENABLE_OBJC_ARC = YES;
				CLANG_ENABLE_OBJC_WEAK = YES;
				CLANG_WARN_BLOCK_CAPTURE_AUTORELEASING = YES;
				CLANG_WARN_BOOL_CONVERSION = YES;
				CLANG_WARN_COMMA = YES;
				CLANG_WARN_CONSTANT_CONVERSION = YES;
				CLANG_WARN_DEPRECATED_OBJC_IMPLEMENTATIONS = YES;
				CLANG_WARN_DIRECT_OBJC_ISA_USAGE = YES_ERROR;
				CLANG_WARN_DOCUMENTATION_COMMENTS = YES;
				CLANG_WARN_EMPTY_BODY = YES;
				CLANG_WARN_ENUM_CONVERSION = YES;
				CLANG_WARN_INFINITE_RECURSION = YES;
				CLANG_WARN_INT_CONVERSION = YES;
				CLANG_WARN_NON_LITERAL_NULL_CONVERSION = YES;
				CLANG_WARN_OBJC_IMPLICIT_RETAIN_SELF = YES;
				CLANG_WARN_OBJC_LITERAL_CONVERSION = YES;
				CLANG_WARN_OBJC_ROOT_CLASS = YES_ERROR;
				CLANG_WARN_QUOTED_INCLUDE_IN_FRAMEWORK_HEADER = YES;
				CLANG_WARN_RANGE_LOOP_ANALYSIS = YES;
				CLANG_WARN_STRICT_PROTOTYPES = YES;
				CLANG_WARN_SUSPICIOUS_MOVE = YES;
				CLANG_WARN_UNGUARDED_AVAILABILITY = YES_AGGRESSIVE;
				CLANG_WARN_UNREACHABLE_CODE = YES;
				CLANG_WARN__DUPLICATE_METHOD_MATCH = YES;
				COPY_PHASE_STRIP = NO;
				CURRENT_PROJECT_VERSION = 1;
				DEBUG_INFORMATION_FORMAT = dwarf;
				ENABLE_STRICT_OBJC_MSGSEND = YES;
				ENABLE_TESTABILITY = YES;
				GCC_C_LANGUAGE_STANDARD = gnu11;
				GCC_DYNAMIC_NO_PIC = NO;
				GCC_NO_COMMON_BLOCKS = YES;
				GCC_OPTIMIZATION_LEVEL = 0;
				GCC_PREPROCESSOR_DEFINITIONS = (
					"$(inherited)",
					"DEBUG=1",
				);
				GCC_WARN_64_TO_32_BIT_CONVERSION = YES;
				GCC_WARN_ABOUT_RETURN_TYPE = YES_ERROR;
				GCC_WARN_UNDECLARED_SELECTOR = YES;
				GCC_WARN_UNINITIALIZED_AUTOS = YES_AGGRESSIVE;
				GCC_WARN_UNUSED_FUNCTION = YES;
				GCC_WARN_UNUSED_VARIABLE = YES;
				IPHONEOS_DEPLOYMENT_TARGET = 17.0;
				MARKETING_VERSION = 0.1.0;
				MTL_ENABLE_DEBUG_INFO = INCLUDE_SOURCE;
				MTL_FAST_MATH = YES;
				ONLY_ACTIVE_ARCH = YES;
				PRODUCT_NAME = "$(TARGET_NAME)";
				SDKROOT = iphoneos;
				SWIFT_ACTIVE_COMPILATION_CONDITIONS = DEBUG;
				SWIFT_OPTIMIZATION_LEVEL = "-Onone";
				SWIFT_VERSION = 5.0;
			};
			name = Debug;
		};
		8E6084F4FDC915A231E9C442 /* Debug */ = {
			isa = XCBuildConfiguration;
			buildSettings = {
				ASSETCATALOG_COMPILER_APPICON_NAME = AppIcon;
				CODE_SIGN_IDENTITY = "iPhone Developer";
				CODE_SIGN_STYLE = Automatic;
				DEVELOPMENT_TEAM = A89ST3SFXS;
				GENERATE_INFOPLIST_FILE = YES;
				INFOPLIST_KEY_CFBundleDisplayName = Pudding;
				INFOPLIST_KEY_UILaunchScreen_Generation = YES;
				LD_RUNPATH_SEARCH_PATHS = (
					"$(inherited)",
					"@executable_path/Frameworks",
				);
				PRODUCT_BUNDLE_IDENTIFIER = com.prikorm.app;
				SDKROOT = iphoneos;
				TARGETED_DEVICE_FAMILY = 1;
			};
			name = Debug;
		};
		A090532170B8E2AFC3EFDAF2 /* Release */ = {
			isa = XCBuildConfiguration;
			buildSettings = {
				ASSETCATALOG_COMPILER_APPICON_NAME = AppIcon;
				CODE_SIGN_IDENTITY = "iPhone Developer";
				CODE_SIGN_STYLE = Automatic;
				DEVELOPMENT_TEAM = A89ST3SFXS;
				GENERATE_INFOPLIST_FILE = YES;
				INFOPLIST_KEY_CFBundleDisplayName = Pudding;
				INFOPLIST_KEY_UILaunchScreen_Generation = YES;
				LD_RUNPATH_SEARCH_PATHS = (
					"$(inherited)",
					"@executable_path/Frameworks",
				);
				PRODUCT_BUNDLE_IDENTIFIER = com.prikorm.app;
				SDKROOT = iphoneos;
				TARGETED_DEVICE_FAMILY = 1;
			};
			name = Release;
		};
		CF699D0147C5EC3C35764F6A /* Debug */ = {
			isa = XCBuildConfiguration;
			buildSettings = {
				BUNDLE_LOADER = "$(TEST_HOST)";
				CODE_SIGN_STYLE = Automatic;
				DEVELOPMENT_TEAM = A89ST3SFXS;
				GENERATE_INFOPLIST_FILE = YES;
				LD_RUNPATH_SEARCH_PATHS = (
					"$(inherited)",
					"@executable_path/Frameworks",
					"@loader_path/Frameworks",
				);
				PRODUCT_BUNDLE_IDENTIFIER = com.prikorm.tests;
				SDKROOT = iphoneos;
				TARGETED_DEVICE_FAMILY = "1,2";
				TEST_HOST = "$(BUILT_PRODUCTS_DIR)/Prikorm.app/Prikorm";
			};
			name = Debug;
		};
		DEDACC89C38B3D12B00728C6 /* Release */ = {
			isa = XCBuildConfiguration;
			buildSettings = {
				BUNDLE_LOADER = "$(TEST_HOST)";
				CODE_SIGN_STYLE = Automatic;
				DEVELOPMENT_TEAM = A89ST3SFXS;
				GENERATE_INFOPLIST_FILE = YES;
				LD_RUNPATH_SEARCH_PATHS = (
					"$(inherited)",
					"@executable_path/Frameworks",
					"@loader_path/Frameworks",
				);
				PRODUCT_BUNDLE_IDENTIFIER = com.prikorm.uitests;
				SDKROOT = iphoneos;
				TARGETED_DEVICE_FAMILY = "1,2";
				TEST_TARGET_NAME = Prikorm;
			};
			name = Release;
		};
		EDF67034D903769A563C1223 /* Debug */ = {
			isa = XCBuildConfiguration;
			buildSettings = {
				BUNDLE_LOADER = "$(TEST_HOST)";
				CODE_SIGN_STYLE = Automatic;
				DEVELOPMENT_TEAM = A89ST3SFXS;
				GENERATE_INFOPLIST_FILE = YES;
				LD_RUNPATH_SEARCH_PATHS = (
					"$(inherited)",
					"@executable_path/Frameworks",
					"@loader_path/Frameworks",
				);
				PRODUCT_BUNDLE_IDENTIFIER = com.prikorm.uitests;
				SDKROOT = iphoneos;
				TARGETED_DEVICE_FAMILY = "1,2";
				TEST_TARGET_NAME = Prikorm;
			};
			name = Debug;
		};
/* End XCBuildConfiguration section */

/* Begin XCConfigurationList section */
		12309E69409656C3CD06F723 /* Build configuration list for PBXNativeTarget "PrikormTests" */ = {
			isa = XCConfigurationList;
			buildConfigurations = (
				CF699D0147C5EC3C35764F6A /* Debug */,
				3562FAB892066FE180B6D29B /* Release */,
			);
			defaultConfigurationIsVisible = 0;
			defaultConfigurationName = Debug;
		};
		4B9AC65DCC8A041EA4F433B3 /* Build configuration list for PBXNativeTarget "Prikorm" */ = {
			isa = XCConfigurationList;
			buildConfigurations = (
				8E6084F4FDC915A231E9C442 /* Debug */,
				A090532170B8E2AFC3EFDAF2 /* Release */,
			);
			defaultConfigurationIsVisible = 0;
			defaultConfigurationName = Debug;
		};
		E95CB6DFAE307A18CF82430C /* Build configuration list for PBXProject "Prikorm" */ = {
			isa = XCConfigurationList;
			buildConfigurations = (
				81D65325764A3544BBD0777D /* Debug */,
				20E489B2AD9118D66A0A5CF1 /* Release */,
			);
			defaultConfigurationIsVisible = 0;
			defaultConfigurationName = Debug;
		};
		EAC0F3A0C095DDBCD09F28B7 /* Build configuration list for PBXNativeTarget "PrikormUITests" */ = {
			isa = XCConfigurationList;
			buildConfigurations = (
				EDF67034D903769A563C1223 /* Debug */,
				DEDACC89C38B3D12B00728C6 /* Release */,
			);
			defaultConfigurationIsVisible = 0;
			defaultConfigurationName = Debug;
		};
/* End XCConfigurationList section */
	};
	rootObject = EDE155F465EE979AE3C5EC04 /* Project object */;
}
